
Microsoft Visual Studio Solution File, Format Version 12.00
# Visual Studio 15
Project("{FAE04EC0-301F-11D3-BF4B-00C04F79EFBC}") = "ERP.Android", "ERP.Android\ERP.Android.csproj", "{A724D8C8-CD89-40A1-999D-3FB567F8AB71}"
EndProject
Project("{FAE04EC0-301F-11D3-BF4B-00C04F79EFBC}") = "ERP.iOS", "ERP.iOS\ERP.iOS.csproj", "{326A010E-CC4D-4F3C-A234-D2EFDF0B7B43}"
EndProject
Project("{FAE04EC0-301F-11D3-BF4B-00C04F79EFBC}") = "ERP", "ERP\ERP.csproj", "{FB90AC83-E93F-40B5-8AE8-6F93EF3864E9}"
EndProject
Global
	GlobalSection(SolutionConfigurationPlatforms) = preSolution
		Debug|Any CPU = Debug|Any CPU
		Release|Any CPU = Release|Any CPU
		Debug|iPhoneSimulator = Debug|iPhoneSimulator
		Release|iPhoneSimulator = Release|iPhoneSimulator
		Debug|iPhone = Debug|iPhone
		Release|iPhone = Release|iPhone
	EndGlobalSection
	GlobalSection(ProjectConfigurationPlatforms) = postSolution
		{A724D8C8-CD89-40A1-999D-3FB567F8AB71}.Debug|Any CPU.ActiveCfg = Debug|Any CPU
		{A724D8C8-CD89-40A1-999D-3FB567F8AB71}.Debug|Any CPU.Build.0 = Debug|Any CPU
		{A724D8C8-CD89-40A1-999D-3FB567F8AB71}.Release|Any CPU.ActiveCfg = Release|Any CPU
		{A724D8C8-CD89-40A1-999D-3FB567F8AB71}.Release|Any CPU.Build.0 = Release|Any CPU
		{A724D8C8-CD89-40A1-999D-3FB567F8AB71}.Debug|iPhoneSimulator.ActiveCfg = Debug|Any CPU
		{A724D8C8-CD89-40A1-999D-3FB567F8AB71}.Debug|iPhoneSimulator.Build.0 = Debug|Any CPU
		{A724D8C8-CD89-40A1-999D-3FB567F8AB71}.Release|iPhoneSimulator.ActiveCfg = Release|Any CPU
		{A724D8C8-CD89-40A1-999D-3FB567F8AB71}.Release|iPhoneSimulator.Build.0 = Release|Any CPU
		{A724D8C8-CD89-40A1-999D-3FB567F8AB71}.Debug|iPhone.ActiveCfg = Debug|Any CPU
		{A724D8C8-CD89-40A1-999D-3FB567F8AB71}.Debug|iPhone.Build.0 = Debug|Any CPU
		{A724D8C8-CD89-40A1-999D-3FB567F8AB71}.Release|iPhone.ActiveCfg = Release|Any CPU
		{A724D8C8-CD89-40A1-999D-3FB567F8AB71}.Release|iPhone.Build.0 = Release|Any CPU
		{326A010E-CC4D-4F3C-A234-D2EFDF0B7B43}.Debug|Any CPU.ActiveCfg = Debug|iPhoneSimulator
		{326A010E-CC4D-4F3C-A234-D2EFDF0B7B43}.Debug|Any CPU.Build.0 = Debug|iPhoneSimulator
		{326A010E-CC4D-4F3C-A234-D2EFDF0B7B43}.Release|Any CPU.ActiveCfg = Release|iPhoneSimulator
		{326A010E-CC4D-4F3C-A234-D2EFDF0B7B43}.Release|Any CPU.Build.0 = Release|iPhoneSimulator
		{326A010E-CC4D-4F3C-A234-D2EFDF0B7B43}.Debug|iPhoneSimulator.ActiveCfg = Debug|iPhoneSimulator
		{326A010E-CC4D-4F3C-A234-D2EFDF0B7B43}.Debug|iPhoneSimulator.Build.0 = Debug|iPhoneSimulator
		{326A010E-CC4D-4F3C-A234-D2EFDF0B7B43}.Release|iPhoneSimulator.ActiveCfg = Release|iPhoneSimulator
		{326A010E-CC4D-4F3C-A234-D2EFDF0B7B43}.Release|iPhoneSimulator.Build.0 = Release|iPhoneSimulator
		{326A010E-CC4D-4F3C-A234-D2EFDF0B7B43}.Debug|iPhone.ActiveCfg = Debug|iPhone
		{326A010E-CC4D-4F3C-A234-D2EFDF0B7B43}.Debug|iPhone.Build.0 = Debug|iPhone
		{326A010E-CC4D-4F3C-A234-D2EFDF0B7B43}.Release|iPhone.ActiveCfg = Release|iPhone
		{326A010E-CC4D-4F3C-A234-D2EFDF0B7B43}.Release|iPhone.Build.0 = Release|iPhone
		{FB90AC83-E93F-40B5-8AE8-6F93EF3864E9}.Debug|Any CPU.ActiveCfg = Debug|Any CPU
		{FB90AC83-E93F-40B5-8AE8-6F93EF3864E9}.Debug|Any CPU.Build.0 = Debug|Any CPU
		{FB90AC83-E93F-40B5-8AE8-6F93EF3864E9}.Release|Any CPU.ActiveCfg = Release|Any CPU
		{FB90AC83-E93F-40B5-8AE8-6F93EF3864E9}.Release|Any CPU.Build.0 = Release|Any CPU
		{FB90AC83-E93F-40B5-8AE8-6F93EF3864E9}.Debug|iPhoneSimulator.ActiveCfg = Debug|Any CPU
		{FB90AC83-E93F-40B5-8AE8-6F93EF3864E9}.Debug|iPhoneSimulator.Build.0 = Debug|Any CPU
		{FB90AC83-E93F-40B5-8AE8-6F93EF3864E9}.Release|iPhoneSimulator.ActiveCfg = Release|Any CPU
		{FB90AC83-E93F-40B5-8AE8-6F93EF3864E9}.Release|iPhoneSimulator.Build.0 = Release|Any CPU
		{FB90AC83-E93F-40B5-8AE8-6F93EF3864E9}.Debug|iPhone.ActiveCfg = Debug|Any CPU
		{FB90AC83-E93F-40B5-8AE8-6F93EF3864E9}.Debug|iPhone.Build.0 = Debug|Any CPU
		{FB90AC83-E93F-40B5-8AE8-6F93EF3864E9}.Release|iPhone.ActiveCfg = Release|Any CPU
		{FB90AC83-E93F-40B5-8AE8-6F93EF3864E9}.Release|iPhone.Build.0 = Release|Any CPU
	EndGlobalSection
EndGlobal
